// !$*UTF8*$!
{
	archiveVersion = 1;
	classes = {
	};
	objectVersion = 48;
	objects = {

/* Begin PBXBuildFile section */
		3B36740C1FEC408E00CBD94D /* AppDelegate.m in Sources */ = {isa = PBXBuildFile; fileRef = 3B36740B1FEC408E00CBD94D /* AppDelegate.m */; };
		3B36740F1FEC408E00CBD94D /* ViewController.m in Sources */ = {isa = PBXBuildFile; fileRef = 3B36740E1FEC408E00CBD94D /* ViewController.m */; };
		3B3674141FEC408E00CBD94D /* Assets.xcassets in Resources */ = {isa = PBXBuildFile; fileRef = 3B3674131FEC408E00CBD94D /* Assets.xcassets */; };
		3B36741A1FEC408E00CBD94D /* main.m in Sources */ = {isa = PBXBuildFile; fileRef = 3B3674191FEC408E00CBD94D /* main.m */; };
		3B6290511FED376300197473 /* TestSectionController.m in Sources */ = {isa = PBXBuildFile; fileRef = 3B6290501FED376300197473 /* TestSectionController.m */; };
		3B6290551FED38A600197473 /* TestCell.m in Sources */ = {isa = PBXBuildFile; fileRef = 3B6290541FED38A600197473 /* TestCell.m */; };
		3BFE17DB1FFA7ECA00C5AFFA /* SectionTypeDescriptor.m in Sources */ = {isa = PBXBuildFile; fileRef = 3BFE17DA1FFA7ECA00C5AFFA /* SectionTypeDescriptor.m */; };
		3BFE17DE1FFA873500C5AFFA /* PlaybackSectionController.m in Sources */ = {isa = PBXBuildFile; fileRef = 3BFE17DD1FFA873500C5AFFA /* PlaybackSectionController.m */; };
		3BFE17E11FFA881F00C5AFFA /* RecordingSectionController.m in Sources */ = {isa = PBXBuildFile; fileRef = 3BFE17E01FFA881F00C5AFFA /* RecordingSectionController.m */; };
		3BFE17E41FFA889800C5AFFA /* LibrarySectionController.m in Sources */ = {isa = PBXBuildFile; fileRef = 3BFE17E31FFA889800C5AFFA /* LibrarySectionController.m */; };
		7800485E2348AA56C3C7BF51 /* libPods-SoundNotesInTime.a in Frameworks */ = {isa = PBXBuildFile; fileRef = 4831C4C85457A15A9F6F936C /* libPods-SoundNotesInTime.a */; };
/* End PBXBuildFile section */

/* Begin PBXFileReference section */
		3B3674071FEC408E00CBD94D /* SoundNotesInTime.app */ = {isa = PBXFileReference; explicitFileType = wrapper.application; includeInIndex = 0; path = SoundNotesInTime.app; sourceTree = BUILT_PRODUCTS_DIR; };
		3B36740A1FEC408E00CBD94D /* AppDelegate.h */ = {isa = PBXFileReference; lastKnownFileType = sourcecode.c.h; path = AppDelegate.h; sourceTree = "<group>"; };
		3B36740B1FEC408E00CBD94D /* AppDelegate.m */ = {isa = PBXFileReference; lastKnownFileType = sourcecode.c.objc; path = AppDelegate.m; sourceTree = "<group>"; };
		3B36740D1FEC408E00CBD94D /* ViewController.h */ = {isa = PBXFileReference; lastKnownFileType = sourcecode.c.h; path = ViewController.h; sourceTree = "<group>"; };
		3B36740E1FEC408E00CBD94D /* ViewController.m */ = {isa = PBXFileReference; lastKnownFileType = sourcecode.c.objc; path = ViewController.m; sourceTree = "<group>"; };
		3B3674131FEC408E00CBD94D /* Assets.xcassets */ = {isa = PBXFileReference; lastKnownFileType = folder.assetcatalog; path = Assets.xcassets; sourceTree = "<group>"; };
		3B3674181FEC408E00CBD94D /* Info.plist */ = {isa = PBXFileReference; lastKnownFileType = text.plist.xml; path = Info.plist; sourceTree = "<group>"; };
		3B3674191FEC408E00CBD94D /* main.m */ = {isa = PBXFileReference; lastKnownFileType = sourcecode.c.objc; path = main.m; sourceTree = "<group>"; };
		3B3674211FEC54DB00CBD94D /* libMasonry.a */ = {isa = PBXFileReference; explicitFileType = archive.ar; path = libMasonry.a; sourceTree = BUILT_PRODUCTS_DIR; };
		3B62904F1FED376300197473 /* TestSectionController.h */ = {isa = PBXFileReference; lastKnownFileType = sourcecode.c.h; path = TestSectionController.h; sourceTree = "<group>"; };
		3B6290501FED376300197473 /* TestSectionController.m */ = {isa = PBXFileReference; lastKnownFileType = sourcecode.c.objc; path = TestSectionController.m; sourceTree = "<group>"; };
		3B6290531FED38A600197473 /* TestCell.h */ = {isa = PBXFileReference; lastKnownFileType = sourcecode.c.h; path = TestCell.h; sourceTree = "<group>"; };
		3B6290541FED38A600197473 /* TestCell.m */ = {isa = PBXFileReference; lastKnownFileType = sourcecode.c.objc; path = TestCell.m; sourceTree = "<group>"; };
		3BFE17D91FFA7A2E00C5AFFA /* SectionTypeDescriptor.h */ = {isa = PBXFileReference; lastKnownFileType = sourcecode.c.h; path = SectionTypeDescriptor.h; sourceTree = "<group>"; };
		3BFE17DA1FFA7ECA00C5AFFA /* SectionTypeDescriptor.m */ = {isa = PBXFileReference; lastKnownFileType = sourcecode.c.objc; path = SectionTypeDescriptor.m; sourceTree = "<group>"; };
		3BFE17DC1FFA873500C5AFFA /* PlaybackSectionController.h */ = {isa = PBXFileReference; lastKnownFileType = sourcecode.c.h; path = PlaybackSectionController.h; sourceTree = "<group>"; };
		3BFE17DD1FFA873500C5AFFA /* PlaybackSectionController.m */ = {isa = PBXFileReference; lastKnownFileType = sourcecode.c.objc; path = PlaybackSectionController.m; sourceTree = "<group>"; };
		3BFE17DF1FFA881F00C5AFFA /* RecordingSectionController.h */ = {isa = PBXFileReference; lastKnownFileType = sourcecode.c.h; path = RecordingSectionController.h; sourceTree = "<group>"; };
		3BFE17E01FFA881F00C5AFFA /* RecordingSectionController.m */ = {isa = PBXFileReference; lastKnownFileType = sourcecode.c.objc; path = RecordingSectionController.m; sourceTree = "<group>"; };
		3BFE17E21FFA889800C5AFFA /* LibrarySectionController.h */ = {isa = PBXFileReference; lastKnownFileType = sourcecode.c.h; path = LibrarySectionController.h; sourceTree = "<group>"; };
		3BFE17E31FFA889800C5AFFA /* LibrarySectionController.m */ = {isa = PBXFileReference; lastKnownFileType = sourcecode.c.objc; path = LibrarySectionController.m; sourceTree = "<group>"; };
		4831C4C85457A15A9F6F936C /* libPods-SoundNotesInTime.a */ = {isa = PBXFileReference; explicitFileType = archive.ar; includeInIndex = 0; path = "libPods-SoundNotesInTime.a"; sourceTree = BUILT_PRODUCTS_DIR; };
		5358459814C59338A6437BA9 /* Pods-SoundNotesInTime.debug.xcconfig */ = {isa = PBXFileReference; includeInIndex = 1; lastKnownFileType = text.xcconfig; name = "Pods-SoundNotesInTime.debug.xcconfig"; path = "Pods/Target Support Files/Pods-SoundNotesInTime/Pods-SoundNotesInTime.debug.xcconfig"; sourceTree = "<group>"; };
		D30F20D66597E2A8E248F62B /* Pods-SoundNotesInTime.release.xcconfig */ = {isa = PBXFileReference; includeInIndex = 1; lastKnownFileType = text.xcconfig; name = "Pods-SoundNotesInTime.release.xcconfig"; path = "Pods/Target Support Files/Pods-SoundNotesInTime/Pods-SoundNotesInTime.release.xcconfig"; sourceTree = "<group>"; };
/* End PBXFileReference section */

/* Begin PBXFrameworksBuildPhase section */
		3B3674041FEC408E00CBD94D /* Frameworks */ = {
			isa = PBXFrameworksBuildPhase;
			buildActionMask = 2147483647;
			files = (
				7800485E2348AA56C3C7BF51 /* libPods-SoundNotesInTime.a in Frameworks */,
			);
			runOnlyForDeploymentPostprocessing = 0;
		};
/* End PBXFrameworksBuildPhase section */

/* Begin PBXGroup section */
		2981059FDF5FF1B0798086FC /* Frameworks */ = {
			isa = PBXGroup;
			children = (
				3B3674211FEC54DB00CBD94D /* libMasonry.a */,
				4831C4C85457A15A9F6F936C /* libPods-SoundNotesInTime.a */,
			);
			name = Frameworks;
			sourceTree = "<group>";
		};
		3B3673FE1FEC408E00CBD94D = {
			isa = PBXGroup;
			children = (
				3BFE17D81FFA79E300C5AFFA /* SupportingFiles */,
				3B6290521FED388900197473 /* Cells */,
				3B62904E1FED373600197473 /* SectionControllers */,
				3B3674091FEC408E00CBD94D /* SoundNotesInTime */,
				3B3674081FEC408E00CBD94D /* Products */,
				53BCD2DAA1763B0E652B6DB3 /* Pods */,
				2981059FDF5FF1B0798086FC /* Frameworks */,
			);
			sourceTree = "<group>";
		};
		3B3674081FEC408E00CBD94D /* Products */ = {
			isa = PBXGroup;
			children = (
				3B3674071FEC408E00CBD94D /* SoundNotesInTime.app */,
			);
			name = Products;
			sourceTree = "<group>";
		};
		3B3674091FEC408E00CBD94D /* SoundNotesInTime */ = {
			isa = PBXGroup;
			children = (
				3B36740A1FEC408E00CBD94D /* AppDelegate.h */,
				3B36740B1FEC408E00CBD94D /* AppDelegate.m */,
				3B36740D1FEC408E00CBD94D /* ViewController.h */,
				3B36740E1FEC408E00CBD94D /* ViewController.m */,
				3B3674131FEC408E00CBD94D /* Assets.xcassets */,
				3B3674181FEC408E00CBD94D /* Info.plist */,
				3B3674191FEC408E00CBD94D /* main.m */,
			);
			path = SoundNotesInTime;
			sourceTree = "<group>";
		};
		3B62904E1FED373600197473 /* SectionControllers */ = {
			isa = PBXGroup;
			children = (
				3B62904F1FED376300197473 /* TestSectionController.h */,
				3B6290501FED376300197473 /* TestSectionController.m */,
				3BFE17DC1FFA873500C5AFFA /* PlaybackSectionController.h */,
				3BFE17DD1FFA873500C5AFFA /* PlaybackSectionController.m */,
				3BFE17DF1FFA881F00C5AFFA /* RecordingSectionController.h */,
				3BFE17E01FFA881F00C5AFFA /* RecordingSectionController.m */,
				3BFE17E21FFA889800C5AFFA /* LibrarySectionController.h */,
				3BFE17E31FFA889800C5AFFA /* LibrarySectionController.m */,
			);
			path = SectionControllers;
			sourceTree = "<group>";
		};
		3B6290521FED388900197473 /* Cells */ = {
			isa = PBXGroup;
			children = (
				3B6290531FED38A600197473 /* TestCell.h */,
				3B6290541FED38A600197473 /* TestCell.m */,
			);
			path = Cells;
			sourceTree = "<group>";
		};
		3BFE17D81FFA79E300C5AFFA /* SupportingFiles */ = {
			isa = PBXGroup;
			children = (
				3BFE17D91FFA7A2E00C5AFFA /* SectionTypeDescriptor.h */,
				3BFE17DA1FFA7ECA00C5AFFA /* SectionTypeDescriptor.m */,
			);
			path = SupportingFiles;
			sourceTree = "<group>";
		};
		53BCD2DAA1763B0E652B6DB3 /* Pods */ = {
			isa = PBXGroup;
			children = (
				5358459814C59338A6437BA9 /* Pods-SoundNotesInTime.debug.xcconfig */,
				D30F20D66597E2A8E248F62B /* Pods-SoundNotesInTime.release.xcconfig */,
			);
			name = Pods;
			sourceTree = "<group>";
		};
/* End PBXGroup section */

/* Begin PBXNativeTarget section */
		3B3674061FEC408E00CBD94D /* SoundNotesInTime */ = {
			isa = PBXNativeTarget;
			buildConfigurationList = 3B36741D1FEC408E00CBD94D /* Build configuration list for PBXNativeTarget "SoundNotesInTime" */;
			buildPhases = (
				6A09EDCCBB30CA3CC1BB8019 /* [CP] Check Pods Manifest.lock */,
				3B3674031FEC408E00CBD94D /* Sources */,
				3B3674041FEC408E00CBD94D /* Frameworks */,
				3B3674051FEC408E00CBD94D /* Resources */,
				BA4637E2328B6A35E5D13BDD /* [CP] Embed Pods Frameworks */,
				6D030EAD05E58ACA51E7AB1A /* [CP] Copy Pods Resources */,
			);
			buildRules = (
			);
			dependencies = (
			);
			name = SoundNotesInTime;
			productName = SoundNotesInTime;
			productReference = 3B3674071FEC408E00CBD94D /* SoundNotesInTime.app */;
			productType = "com.apple.product-type.application";
		};
/* End PBXNativeTarget section */

/* Begin PBXProject section */
		3B3673FF1FEC408E00CBD94D /* Project object */ = {
			isa = PBXProject;
			attributes = {
				LastUpgradeCheck = 0900;
				ORGANIZATIONNAME = dontgonearthecastle;
				TargetAttributes = {
					3B3674061FEC408E00CBD94D = {
						CreatedOnToolsVersion = 9.0;
						ProvisioningStyle = Automatic;
					};
				};
			};
			buildConfigurationList = 3B3674021FEC408E00CBD94D /* Build configuration list for PBXProject "SoundNotesInTime" */;
			compatibilityVersion = "Xcode 8.0";
			developmentRegion = en;
			hasScannedForEncodings = 0;
			knownRegions = (
				en,
				Base,
			);
			mainGroup = 3B3673FE1FEC408E00CBD94D;
			productRefGroup = 3B3674081FEC408E00CBD94D /* Products */;
			projectDirPath = "";
			projectRoot = "";
			targets = (
				3B3674061FEC408E00CBD94D /* SoundNotesInTime */,
			);
		};
/* End PBXProject section */

/* Begin PBXResourcesBuildPhase section */
		3B3674051FEC408E00CBD94D /* Resources */ = {
			isa = PBXResourcesBuildPhase;
			buildActionMask = 2147483647;
			files = (
				3B3674141FEC408E00CBD94D /* Assets.xcassets in Resources */,
			);
			runOnlyForDeploymentPostprocessing = 0;
		};
/* End PBXResourcesBuildPhase section */

/* Begin PBXShellScriptBuildPhase section */
		6A09EDCCBB30CA3CC1BB8019 /* [CP] Check Pods Manifest.lock */ = {
			isa = PBXShellScriptBuildPhase;
			buildActionMask = 2147483647;
			files = (
			);
			inputPaths = (
				"${PODS_PODFILE_DIR_PATH}/Podfile.lock",
				"${PODS_ROOT}/Manifest.lock",
			);
			name = "[CP] Check Pods Manifest.lock";
			outputPaths = (
				"$(DERIVED_FILE_DIR)/Pods-SoundNotesInTime-checkManifestLockResult.txt",
			);
			runOnlyForDeploymentPostprocessing = 0;
			shellPath = /bin/sh;
			shellScript = "diff \"${PODS_PODFILE_DIR_PATH}/Podfile.lock\" \"${PODS_ROOT}/Manifest.lock\" > /dev/null\nif [ $? != 0 ] ; then\n    # print error to STDERR\n    echo \"error: The sandbox is not in sync with the Podfile.lock. Run 'pod install' or update your CocoaPods installation.\" >&2\n    exit 1\nfi\n# This output is used by Xcode 'outputs' to avoid re-running this script phase.\necho \"SUCCESS\" > \"${SCRIPT_OUTPUT_FILE_0}\"\n";
			showEnvVarsInLog = 0;
		};
		6D030EAD05E58ACA51E7AB1A /* [CP] Copy Pods Resources */ = {
			isa = PBXShellScriptBuildPhase;
			buildActionMask = 2147483647;
			files = (
			);
			inputPaths = (
			);
			name = "[CP] Copy Pods Resources";
			outputPaths = (
			);
			runOnlyForDeploymentPostprocessing = 0;
			shellPath = /bin/sh;
			shellScript = "\"${SRCROOT}/Pods/Target Support Files/Pods-SoundNotesInTime/Pods-SoundNotesInTime-resources.sh\"\n";
			showEnvVarsInLog = 0;
		};
		BA4637E2328B6A35E5D13BDD /* [CP] Embed Pods Frameworks */ = {
			isa = PBXShellScriptBuildPhase;
			buildActionMask = 2147483647;
			files = (
			);
			inputPaths = (
			);
			name = "[CP] Embed Pods Frameworks";
			outputPaths = (
			);
			runOnlyForDeploymentPostprocessing = 0;
			shellPath = /bin/sh;
			shellScript = "\"${SRCROOT}/Pods/Target Support Files/Pods-SoundNotesInTime/Pods-SoundNotesInTime-frameworks.sh\"\n";
			showEnvVarsInLog = 0;
		};
/* End PBXShellScriptBuildPhase section */

/* Begin PBXSourcesBuildPhase section */
		3B3674031FEC408E00CBD94D /* Sources */ = {
			isa = PBXSourcesBuildPhase;
			buildActionMask = 2147483647;
			files = (
				3B36740F1FEC408E00CBD94D /* ViewController.m in Sources */,
				3B36741A1FEC408E00CBD94D /* main.m in Sources */,
				3BFE17E41FFA889800C5AFFA /* LibrarySectionController.m in Sources */,
				3BFE17DB1FFA7ECA00C5AFFA /* SectionTypeDescriptor.m in Sources */,
				3B6290551FED38A600197473 /* TestCell.m in Sources */,
				3BFE17DE1FFA873500C5AFFA /* PlaybackSectionController.m in Sources */,
				3BFE17E11FFA881F00C5AFFA /* RecordingSectionController.m in Sources */,
				3B36740C1FEC408E00CBD94D /* AppDelegate.m in Sources */,
				3B6290511FED376300197473 /* TestSectionController.m in Sources */,
			);
			runOnlyForDeploymentPostprocessing = 0;
		};
/* End PBXSourcesBuildPhase section */

/* Begin XCBuildConfiguration section */
		3B36741B1FEC408E00CBD94D /* Debug */ = {
			isa = XCBuildConfiguration;
			buildSettings = {
				ALWAYS_SEARCH_USER_PATHS = NO;
				CLANG_ANALYZER_NONNULL = YES;
				CLANG_ANALYZER_NUMBER_OBJECT_CONVERSION = YES_AGGRESSIVE;
				CLANG_CXX_LANGUAGE_STANDARD = "gnu++14";
				CLANG_CXX_LIBRARY = "libc++";
				CLANG_ENABLE_MODULES = YES;
				CLANG_ENABLE_OBJC_ARC = YES;
				CLANG_WARN_BLOCK_CAPTURE_AUTORELEASING = YES;
				CLANG_WARN_BOOL_CONVERSION = YES;
				CLANG_WARN_COMMA = YES;
				CLANG_WARN_CONSTANT_CONVERSION = YES;
				CLANG_WARN_DIRECT_OBJC_ISA_USAGE = YES_ERROR;
				CLANG_WARN_DOCUMENTATION_COMMENTS = YES;
				CLANG_WARN_EMPTY_BODY = YES;
				CLANG_WARN_ENUM_CONVERSION = YES;
				CLANG_WARN_INFINITE_RECURSION = YES;
				CLANG_WARN_INT_CONVERSION = YES;
				CLANG_WARN_NON_LITERAL_NULL_CONVERSION = YES;
				CLANG_WARN_OBJC_LITERAL_CONVERSION = YES;
				CLANG_WARN_OBJC_ROOT_CLASS = YES_ERROR;
				CLANG_WARN_RANGE_LOOP_ANALYSIS = YES;
				CLANG_WARN_STRICT_PROTOTYPES = YES;
				CLANG_WARN_SUSPICIOUS_MOVE = YES;
				CLANG_WARN_UNGUARDED_AVAILABILITY = YES_AGGRESSIVE;
				CLANG_WARN_UNREACHABLE_CODE = YES;
				CLANG_WARN__DUPLICATE_METHOD_MATCH = YES;
				CODE_SIGN_IDENTITY = "iPhone Developer";
				COPY_PHASE_STRIP = NO;
				DEBUG_INFORMATION_FORMAT = dwarf;
				ENABLE_STRICT_OBJC_MSGSEND = YES;
				ENABLE_TESTABILITY = YES;
				GCC_C_LANGUAGE_STANDARD = gnu11;
				GCC_DYNAMIC_NO_PIC = NO;
				GCC_NO_COMMON_BLOCKS = YES;
				GCC_OPTIMIZATION_LEVEL = 0;
				GCC_PREPROCESSOR_DEFINITIONS = (
					"DEBUG=1",
					"$(inherited)",
				);
				GCC_WARN_64_TO_32_BIT_CONVERSION = YES;
				GCC_WARN_ABOUT_RETURN_TYPE = YES_ERROR;
				GCC_WARN_UNDECLARED_SELECTOR = YES;
				GCC_WARN_UNINITIALIZED_AUTOS = YES_AGGRESSIVE;
				GCC_WARN_UNUSED_FUNCTION = YES;
				GCC_WARN_UNUSED_VARIABLE = YES;
				IPHONEOS_DEPLOYMENT_TARGET = 11.0;
				MTL_ENABLE_DEBUG_INFO = YES;
				ONLY_ACTIVE_ARCH = YES;
				SDKROOT = iphoneos;
			};
			name = Debug;
		};
		3B36741C1FEC408E00CBD94D /* Release */ = {
			isa = XCBuildConfiguration;
			buildSettings = {
				ALWAYS_SEARCH_USER_PATHS = NO;
				CLANG_ANALYZER_NONNULL = YES;
				CLANG_ANALYZER_NUMBER_OBJECT_CONVERSION = YES_AGGRESSIVE;
				CLANG_CXX_LANGUAGE_STANDARD = "gnu++14";
				CLANG_CXX_LIBRARY = "libc++";
				CLANG_ENABLE_MODULES = YES;
				CLANG_ENABLE_OBJC_ARC = YES;
				CLANG_WARN_BLOCK_CAPTURE_AUTORELEASING = YES;
				CLANG_WARN_BOOL_CONVERSION = YES;
				CLANG_WARN_COMMA = YES;
				CLANG_WARN_CONSTANT_CONVERSION = YES;
				CLANG_WARN_DIRECT_OBJC_ISA_USAGE = YES_ERROR;
				CLANG_WARN_DOCUMENTATION_COMMENTS = YES;
				CLANG_WARN_EMPTY_BODY = YES;
				CLANG_WARN_ENUM_CONVERSION = YES;
				CLANG_WARN_INFINITE_RECURSION = YES;
				CLANG_WARN_INT_CONVERSION = YES;
				CLANG_WARN_NON_LITERAL_NULL_CONVERSION = YES;
				CLANG_WARN_OBJC_LITERAL_CONVERSION = YES;
				CLANG_WARN_OBJC_ROOT_CLASS = YES_ERROR;
				CLANG_WARN_RANGE_LOOP_ANALYSIS = YES;
				CLANG_WARN_STRICT_PROTOTYPES = YES;
				CLANG_WARN_SUSPICIOUS_MOVE = YES;
				CLANG_WARN_UNGUARDED_AVAILABILITY = YES_AGGRESSIVE;
				CLANG_WARN_UNREACHABLE_CODE = YES;
				CLANG_WARN__DUPLICATE_METHOD_MATCH = YES;
				CODE_SIGN_IDENTITY = "iPhone Developer";
				COPY_PHASE_STRIP = NO;
				DEBUG_INFORMATION_FORMAT = "dwarf-with-dsym";
				ENABLE_NS_ASSERTIONS = NO;
				ENABLE_STRICT_OBJC_MSGSEND = YES;
				GCC_C_LANGUAGE_STANDARD = gnu11;
				GCC_NO_COMMON_BLOCKS = YES;
				GCC_WARN_64_TO_32_BIT_CONVERSION = YES;
				GCC_WARN_ABOUT_RETURN_TYPE = YES_ERROR;
				GCC_WARN_UNDECLARED_SELECTOR = YES;
				GCC_WARN_UNINITIALIZED_AUTOS = YES_AGGRESSIVE;
				GCC_WARN_UNUSED_FUNCTION = YES;
				GCC_WARN_UNUSED_VARIABLE = YES;
				IPHONEOS_DEPLOYMENT_TARGET = 11.0;
				MTL_ENABLE_DEBUG_INFO = NO;
				SDKROOT = iphoneos;
				VALIDATE_PRODUCT = YES;
			};
			name = Release;
		};
		3B36741E1FEC408E00CBD94D /* Debug */ = {
			isa = XCBuildConfiguration;
			baseConfigurationReference = 5358459814C59338A6437BA9 /* Pods-SoundNotesInTime.debug.xcconfig */;
			buildSettings = {
				ASSETCATALOG_COMPILER_APPICON_NAME = AppIcon;
				CODE_SIGN_STYLE = Automatic;
				DEVELOPMENT_TEAM = 7H85VVX9XT;
				INFOPLIST_FILE = SoundNotesInTime/Info.plist;
				LD_RUNPATH_SEARCH_PATHS = "$(inherited) @executable_path/Frameworks";
				PRODUCT_BUNDLE_IDENTIFIER = com.dontgonearthecastle.SoundNotesInTime;
				PRODUCT_NAME = "$(TARGET_NAME)";
				TARGETED_DEVICE_FAMILY = "1,2";
			};
			name = Debug;
		};
		3B36741F1FEC408E00CBD94D /* Release */ = {
			isa = XCBuildConfiguration;
			baseConfigurationReference = D30F20D66597E2A8E248F62B /* Pods-SoundNotesInTime.release.xcconfig */;
			buildSettings = {
				ASSETCATALOG_COMPILER_APPICON_NAME = AppIcon;
				CODE_SIGN_STYLE = Automatic;
				DEVELOPMENT_TEAM = 7H85VVX9XT;
				INFOPLIST_FILE = SoundNotesInTime/Info.plist;
				LD_RUNPATH_SEARCH_PATHS = "$(inherited) @executable_path/Frameworks";
				PRODUCT_BUNDLE_IDENTIFIER = com.dontgonearthecastle.SoundNotesInTime;
				PRODUCT_NAME = "$(TARGET_NAME)";
				TARGETED_DEVICE_FAMILY = "1,2";
			};
			name = Release;
		};
/* End XCBuildConfiguration section */

/* Begin XCConfigurationList section */
		3B3674021FEC408E00CBD94D /* Build configuration list for PBXProject "SoundNotesInTime" */ = {
			isa = XCConfigurationList;
			buildConfigurations = (
				3B36741B1FEC408E00CBD94D /* Debug */,
				3B36741C1FEC408E00CBD94D /* Release */,
			);
			defaultConfigurationIsVisible = 0;
			defaultConfigurationName = Release;
		};
		3B36741D1FEC408E00CBD94D /* Build configuration list for PBXNativeTarget "SoundNotesInTime" */ = {
			isa = XCConfigurationList;
			buildConfigurations = (
				3B36741E1FEC408E00CBD94D /* Debug */,
				3B36741F1FEC408E00CBD94D /* Release */,
			);
			defaultConfigurationIsVisible = 0;
			defaultConfigurationName = Release;
		};
/* End XCConfigurationList section */
	};
	rootObject = 3B3673FF1FEC408E00CBD94D /* Project object */;
}
